
Microsoft Visual Studio Solution File, Format Version 12.00
# Visual Studio Version 17
VisualStudioVersion = 17.14.36511.14 d17.14
MinimumVisualStudioVersion = 10.0.40219.1
Project("{9A19103F-16F7-4668-BE54-9A1E7A4F7556}") = "JSViewer_Vue_Core", "JSViewer_Vue_Core.csproj", "{ACDFE7B4-20B5-4E37-9849-EA193FECD352}"
EndProject
Project("{FAE04EC0-301F-11D3-BF4B-00C04F79EFBC}") = "JSViewer_CodeReports", "..\JSViewer_CodeReports\JSViewer_CodeReports.csproj", "{987560CC-99F3-3B2B-74EC-7A107BEB9B7D}"
EndProject
Global
	GlobalSection(SolutionConfigurationPlatforms) = preSolution
		Debug|Any CPU = Debug|Any CPU
		Release|Any CPU = Release|Any CPU
	EndGlobalSection
	GlobalSection(ProjectConfigurationPlatforms) = postSolution
		{ACDFE7B4-20B5-4E37-9849-EA193FECD352}.Debug|Any CPU.ActiveCfg = Debug|Any CPU
		{ACDFE7B4-20B5-4E37-9849-EA193FECD352}.Debug|Any CPU.Build.0 = Debug|Any CPU
		{ACDFE7B4-20B5-4E37-9849-EA193FECD352}.Release|Any CPU.ActiveCfg = Release|Any CPU
		{ACDFE7B4-20B5-4E37-9849-EA193FECD352}.Release|Any CPU.Build.0 = Release|Any CPU
		{987560CC-99F3-3B2B-74EC-7A107BEB9B7D}.Debug|Any CPU.ActiveCfg = Debug|Any CPU
		{987560CC-99F3-3B2B-74EC-7A107BEB9B7D}.Debug|Any CPU.Build.0 = Debug|Any CPU
		{987560CC-99F3-3B2B-74EC-7A107BEB9B7D}.Release|Any CPU.ActiveCfg = Release|Any CPU
		{987560CC-99F3-3B2B-74EC-7A107BEB9B7D}.Release|Any CPU.Build.0 = Release|Any CPU
	EndGlobalSection
	GlobalSection(SolutionProperties) = preSolution
		HideSolutionNode = FALSE
	EndGlobalSection
	GlobalSection(ExtensibilityGlobals) = postSolution
		SolutionGuid = {FBDEA34A-7080-4029-BADC-582CC53AA722}
	EndGlobalSection
EndGlobal
