
Microsoft Visual Studio Solution File, Format Version 12.00
# Visual Studio Version 17
VisualStudioVersion = 17.14.36811.4
MinimumVisualStudioVersion = 10.0.40219.1
Project("{54A90642-561A-4BB1-A94E-469ADEE60C69}") = "JSViewer_React_Hooks.Client", "JSViewer_React_Hooks.Client\JSViewer_React_Hooks.Client.esproj", "{7B4089A6-FD27-558C-1ACD-03915611BADC}"
EndProject
Project("{FAE04EC0-301F-11D3-BF4B-00C04F79EFBC}") = "JSViewer_React_Hooks.Server", "JSViewer_React_Hooks.Server\JSViewer_React_Hooks.Server.csproj", "{2B13F6B9-B5BD-4DD1-892B-E1BE5C0BB1D7}"
EndProject
Project("{FAE04EC0-301F-11D3-BF4B-00C04F79EFBC}") = "JSViewer_CodeReports", "..\JSViewer_CodeReports\JSViewer_CodeReports.csproj", "{080BF69C-8D81-BCB7-E1FD-5B7CCE821B1A}"
EndProject
Global
	GlobalSection(SolutionConfigurationPlatforms) = preSolution
		Debug|Any CPU = Debug|Any CPU
		Release|Any CPU = Release|Any CPU
	EndGlobalSection
	GlobalSection(ProjectConfigurationPlatforms) = postSolution
		{7B4089A6-FD27-558C-1ACD-03915611BADC}.Debug|Any CPU.ActiveCfg = Debug|Any CPU
		{7B4089A6-FD27-558C-1ACD-03915611BADC}.Debug|Any CPU.Build.0 = Debug|Any CPU
		{7B4089A6-FD27-558C-1ACD-03915611BADC}.Debug|Any CPU.Deploy.0 = Debug|Any CPU
		{7B4089A6-FD27-558C-1ACD-03915611BADC}.Release|Any CPU.ActiveCfg = Release|Any CPU
		{7B4089A6-FD27-558C-1ACD-03915611BADC}.Release|Any CPU.Build.0 = Release|Any CPU
		{7B4089A6-FD27-558C-1ACD-03915611BADC}.Release|Any CPU.Deploy.0 = Release|Any CPU
		{2B13F6B9-B5BD-4DD1-892B-E1BE5C0BB1D7}.Debug|Any CPU.ActiveCfg = Debug|Any CPU
		{2B13F6B9-B5BD-4DD1-892B-E1BE5C0BB1D7}.Debug|Any CPU.Build.0 = Debug|Any CPU
		{2B13F6B9-B5BD-4DD1-892B-E1BE5C0BB1D7}.Release|Any CPU.ActiveCfg = Release|Any CPU
		{2B13F6B9-B5BD-4DD1-892B-E1BE5C0BB1D7}.Release|Any CPU.Build.0 = Release|Any CPU
		{080BF69C-8D81-BCB7-E1FD-5B7CCE821B1A}.Debug|Any CPU.ActiveCfg = Debug|Any CPU
		{080BF69C-8D81-BCB7-E1FD-5B7CCE821B1A}.Debug|Any CPU.Build.0 = Debug|Any CPU
		{080BF69C-8D81-BCB7-E1FD-5B7CCE821B1A}.Release|Any CPU.ActiveCfg = Release|Any CPU
		{080BF69C-8D81-BCB7-E1FD-5B7CCE821B1A}.Release|Any CPU.Build.0 = Release|Any CPU
	EndGlobalSection
	GlobalSection(SolutionProperties) = preSolution
		HideSolutionNode = FALSE
	EndGlobalSection
	GlobalSection(ExtensibilityGlobals) = postSolution
		SolutionGuid = {D5772EAB-7A23-41FE-9FF5-84FBC8BB098D}
	EndGlobalSection
EndGlobal
